
Microsoft Visual Studio Solution File, Format Version 12.00
Project("{FAE04EC0-301F-11D3-BF4B-00C04F79EFBC}") = "HomeTask", "HomeTask\HomeTask.csproj", "{0A9DF221-78E6-4958-ADE4-3DFF0C281A73}"
EndProject
Project("{FAE04EC0-301F-11D3-BF4B-00C04F79EFBC}") = "HomeTask.DataAccess", "HomeTask.DataAccess\HomeTask.DataAccess.csproj", "{EDB95A9C-03B9-444F-A5B1-21131FE07647}"
EndProject
Project("{FAE04EC0-301F-11D3-BF4B-00C04F79EFBC}") = "HomeTask.BusinessLogic", "HomeTask.BusinessLogic\HomeTask.BusinessLogic.csproj", "{9E59B40F-760C-47F0-8C09-1956895028A4}"
EndProject
Global
	GlobalSection(SolutionConfigurationPlatforms) = preSolution
		Debug|Any CPU = Debug|Any CPU
		Release|Any CPU = Release|Any CPU
	EndGlobalSection
	GlobalSection(ProjectConfigurationPlatforms) = postSolution
		{0A9DF221-78E6-4958-ADE4-3DFF0C281A73}.Debug|Any CPU.ActiveCfg = Debug|Any CPU
		{0A9DF221-78E6-4958-ADE4-3DFF0C281A73}.Debug|Any CPU.Build.0 = Debug|Any CPU
		{0A9DF221-78E6-4958-ADE4-3DFF0C281A73}.Release|Any CPU.ActiveCfg = Release|Any CPU
		{0A9DF221-78E6-4958-ADE4-3DFF0C281A73}.Release|Any CPU.Build.0 = Release|Any CPU
		{EDB95A9C-03B9-444F-A5B1-21131FE07647}.Debug|Any CPU.ActiveCfg = Debug|Any CPU
		{EDB95A9C-03B9-444F-A5B1-21131FE07647}.Debug|Any CPU.Build.0 = Debug|Any CPU
		{EDB95A9C-03B9-444F-A5B1-21131FE07647}.Release|Any CPU.ActiveCfg = Release|Any CPU
		{EDB95A9C-03B9-444F-A5B1-21131FE07647}.Release|Any CPU.Build.0 = Release|Any CPU
		{9E59B40F-760C-47F0-8C09-1956895028A4}.Debug|Any CPU.ActiveCfg = Debug|Any CPU
		{9E59B40F-760C-47F0-8C09-1956895028A4}.Debug|Any CPU.Build.0 = Debug|Any CPU
		{9E59B40F-760C-47F0-8C09-1956895028A4}.Release|Any CPU.ActiveCfg = Release|Any CPU
		{9E59B40F-760C-47F0-8C09-1956895028A4}.Release|Any CPU.Build.0 = Release|Any CPU
	EndGlobalSection
EndGlobal
